
Microsoft Visual Studio Solution File, Format Version 12.00
# Visual Studio Version 17
VisualStudioVersion = 17.4.33122.133
MinimumVisualStudioVersion = 10.0.40219.1
Project("{FAE04EC0-301F-11D3-BF4B-00C04F79EFBC}") = "Econnection", "Econnection\Econnection.csproj", "{12919DF1-93D4-4534-AF69-6514B800A88D}"
EndProject
Global
	GlobalSection(SolutionConfigurationPlatforms) = preSolution
		Debug|Any CPU = Debug|Any CPU
		Release|Any CPU = Release|Any CPU
	EndGlobalSection
	GlobalSection(ProjectConfigurationPlatforms) = postSolution
		{12919DF1-93D4-4534-AF69-6514B800A88D}.Debug|Any CPU.ActiveCfg = Debug|Any CPU
		{12919DF1-93D4-4534-AF69-6514B800A88D}.Debug|Any CPU.Build.0 = Debug|Any CPU
		{12919DF1-93D4-4534-AF69-6514B800A88D}.Release|Any CPU.ActiveCfg = Release|Any CPU
		{12919DF1-93D4-4534-AF69-6514B800A88D}.Release|Any CPU.Build.0 = Release|Any CPU
	EndGlobalSection
	GlobalSection(SolutionProperties) = preSolution
		HideSolutionNode = FALSE
	EndGlobalSection
	GlobalSection(ExtensibilityGlobals) = postSolution
		SolutionGuid = {0F1BF5F8-A2E9-4408-8507-12275223BEA3}
	EndGlobalSection
EndGlobal
